// !$*UTF8*$!
{
	archiveVersion = 1;
	classes = {
	};
	objectVersion = 77;
	objects = {

/* Begin PBXBuildFile section */
		FD5BB7DE2F55F03500EC5EAB /* Textual in Frameworks */ = {isa = PBXBuildFile; productRef = FD5BB7DD2F55F03500EC5EAB /* Textual */; };
/* End PBXBuildFile section */

/* Begin PBXContainerItemProxy section */
		FD1CF8DB2F54CC6C00A3CCC3 /* PBXContainerItemProxy */ = {
			isa = PBXContainerItemProxy;
			containerPortal = FD1CF8C52F54CC6A00A3CCC3 /* Project object */;
			proxyType = 1;
			remoteGlobalIDString = FD1CF8CC2F54CC6A00A3CCC3;
			remoteInfo = ideas;
		};
		FD1CF8E52F54CC6C00A3CCC3 /* PBXContainerItemProxy */ = {
			isa = PBXContainerItemProxy;
			containerPortal = FD1CF8C52F54CC6A00A3CCC3 /* Project object */;
			proxyType = 1;
			remoteGlobalIDString = FD1CF8CC2F54CC6A00A3CCC3;
			remoteInfo = ideas;
		};
/* End PBXContainerItemProxy section */

/* Begin PBXFileReference section */
		FD1CF8CD2F54CC6A00A3CCC3 /* ideas.app */ = {isa = PBXFileReference; explicitFileType = wrapper.application; includeInIndex = 0; path = ideas.app; sourceTree = BUILT_PRODUCTS_DIR; };
		FD1CF8DA2F54CC6C00A3CCC3 /* ideasTests.xctest */ = {isa = PBXFileReference; explicitFileType = wrapper.cfbundle; includeInIndex = 0; path = ideasTests.xctest; sourceTree = BUILT_PRODUCTS_DIR; };
		FD1CF8E42F54CC6C00A3CCC3 /* ideasUITests.xctest */ = {isa = PBXFileReference; explicitFileType = wrapper.cfbundle; includeInIndex = 0; path = ideasUITests.xctest; sourceTree = BUILT_PRODUCTS_DIR; };
/* End PBXFileReference section */

/* Begin PBXFileSystemSynchronizedRootGroup section */
		FD1CF8CF2F54CC6A00A3CCC3 /* ideas */ = {
			isa = PBXFileSystemSynchronizedRootGroup;
			path = ideas;
			sourceTree = "<group>";
		};
		FD1CF8DD2F54CC6C00A3CCC3 /* ideasTests */ = {
			isa = PBXFileSystemSynchronizedRootGroup;
			path = ideasTests;
			sourceTree = "<group>";
		};
		FD1CF8E72F54CC6C00A3CCC3 /* ideasUITests */ = {
			isa = PBXFileSystemSynchronizedRootGroup;
			path = ideasUITests;
			sourceTree = "<group>";
		};
/* End PBXFileSystemSynchronizedRootGroup section */

/* Begin PBXFrameworksBuildPhase section */
		FD1CF8CA2F54CC6A00A3CCC3 /* Frameworks */ = {
			isa = PBXFrameworksBuildPhase;
			buildActionMask = 2147483647;
			files = (
				FD5BB7DE2F55F03500EC5EAB /* Textual in Frameworks */,
			);
			runOnlyForDeploymentPostprocessing = 0;
		};
		FD1CF8D72F54CC6C00A3CCC3 /* Frameworks */ = {
			isa = PBXFrameworksBuildPhase;
			buildActionMask = 2147483647;
			files = (
			);
			runOnlyForDeploymentPostprocessing = 0;
		};
		FD1CF8E12F54CC6C00A3CCC3 /* Frameworks */ = {
			isa = PBXFrameworksBuildPhase;
			buildActionMask = 2147483647;
			files = (
			);
			runOnlyForDeploymentPostprocessing = 0;
		};
/* End PBXFrameworksBuildPhase section */

/* Begin PBXGroup section */
		FD1CF8C42F54CC6A00A3CCC3 = {
			isa = PBXGroup;
			children = (
				FD1CF8CF2F54CC6A00A3CCC3 /* ideas */,
				FD1CF8DD2F54CC6C00A3CCC3 /* ideasTests */,
				FD1CF8E72F54CC6C00A3CCC3 /* ideasUITests */,
				FD5BB7DC2F55F03500EC5EAB /* Frameworks */,
				FD1CF8CE2F54CC6A00A3CCC3 /* Products */,
			);
			sourceTree = "<group>";
		};
		FD1CF8CE2F54CC6A00A3CCC3 /* Products */ = {
			isa = PBXGroup;
			children = (
				FD1CF8CD2F54CC6A00A3CCC3 /* ideas.app */,
				FD1CF8DA2F54CC6C00A3CCC3 /* ideasTests.xctest */,
				FD1CF8E42F54CC6C00A3CCC3 /* ideasUITests.xctest */,
			);
			name = Products;
			sourceTree = "<group>";
		};
		FD5BB7DC2F55F03500EC5EAB /* Frameworks */ = {
			isa = PBXGroup;
			children = (
			);
			name = Frameworks;
			sourceTree = "<group>";
		};
/* End PBXGroup section */

/* Begin PBXNativeTarget section */
		FD1CF8CC2F54CC6A00A3CCC3 /* ideas */ = {
			isa = PBXNativeTarget;
			buildConfigurationList = FD1CF8EE2F54CC6C00A3CCC3 /* Build configuration list for PBXNativeTarget "ideas" */;
			buildPhases = (
				FD1CF8C92F54CC6A00A3CCC3 /* Sources */,
				FD1CF8CA2F54CC6A00A3CCC3 /* Frameworks */,
				FD1CF8CB2F54CC6A00A3CCC3 /* Resources */,
			);
			buildRules = (
			);
			dependencies = (
			);
			fileSystemSynchronizedGroups = (
				FD1CF8CF2F54CC6A00A3CCC3 /* ideas */,
			);
			name = ideas;
			packageProductDependencies = (
				FD5BB7DD2F55F03500EC5EAB /* Textual */,
				FD32EC952F5E6F2B003A8BF2 /* Sparkle */,
			);
			productName = ideas;
			productReference = FD1CF8CD2F54CC6A00A3CCC3 /* ideas.app */;
			productType = "com.apple.product-type.application";
		};
		FD1CF8D92F54CC6C00A3CCC3 /* ideasTests */ = {
			isa = PBXNativeTarget;
			buildConfigurationList = FD1CF8F12F54CC6C00A3CCC3 /* Build configuration list for PBXNativeTarget "ideasTests" */;
			buildPhases = (
				FD1CF8D62F54CC6C00A3CCC3 /* Sources */,
				FD1CF8D72F54CC6C00A3CCC3 /* Frameworks */,
				FD1CF8D82F54CC6C00A3CCC3 /* Resources */,
			);
			buildRules = (
			);
			dependencies = (
				FD1CF8DC2F54CC6C00A3CCC3 /* PBXTargetDependency */,
			);
			fileSystemSynchronizedGroups = (
				FD1CF8DD2F54CC6C00A3CCC3 /* ideasTests */,
			);
			name = ideasTests;
			packageProductDependencies = (
			);
			productName = ideasTests;
			productReference = FD1CF8DA2F54CC6C00A3CCC3 /* ideasTests.xctest */;
			productType = "com.apple.product-type.bundle.unit-test";
		};
		FD1CF8E32F54CC6C00A3CCC3 /* ideasUITests */ = {
			isa = PBXNativeTarget;
			buildConfigurationList = FD1CF8F42F54CC6C00A3CCC3 /* Build configuration list for PBXNativeTarget "ideasUITests" */;
			buildPhases = (
				FD1CF8E02F54CC6C00A3CCC3 /* Sources */,
				FD1CF8E12F54CC6C00A3CCC3 /* Frameworks */,
				FD1CF8E22F54CC6C00A3CCC3 /* Resources */,
			);
			buildRules = (
			);
			dependencies = (
				FD1CF8E62F54CC6C00A3CCC3 /* PBXTargetDependency */,
			);
			fileSystemSynchronizedGroups = (
				FD1CF8E72F54CC6C00A3CCC3 /* ideasUITests */,
			);
			name = ideasUITests;
			packageProductDependencies = (
			);
			productName = ideasUITests;
			productReference = FD1CF8E42F54CC6C00A3CCC3 /* ideasUITests.xctest */;
			productType = "com.apple.product-type.bundle.ui-testing";
		};
/* End PBXNativeTarget section */

/* Begin PBXProject section */
		FD1CF8C52F54CC6A00A3CCC3 /* Project object */ = {
			isa = PBXProject;
			attributes = {
				BuildIndependentTargetsInParallel = 1;
				LastSwiftUpdateCheck = 2630;
				LastUpgradeCheck = 2630;
				TargetAttributes = {
					FD1CF8CC2F54CC6A00A3CCC3 = {
						CreatedOnToolsVersion = 26.3;
					};
					FD1CF8D92F54CC6C00A3CCC3 = {
						CreatedOnToolsVersion = 26.3;
						TestTargetID = FD1CF8CC2F54CC6A00A3CCC3;
					};
					FD1CF8E32F54CC6C00A3CCC3 = {
						CreatedOnToolsVersion = 26.3;
						TestTargetID = FD1CF8CC2F54CC6A00A3CCC3;
					};
				};
			};
			buildConfigurationList = FD1CF8C82F54CC6A00A3CCC3 /* Build configuration list for PBXProject "ideas" */;
			developmentRegion = en;
			hasScannedForEncodings = 0;
			knownRegions = (
				en,
				Base,
			);
			mainGroup = FD1CF8C42F54CC6A00A3CCC3;
			minimizedProjectReferenceProxies = 1;
			packageReferences = (
				FD5BB7DB2F55EFB100EC5EAB /* XCRemoteSwiftPackageReference "textual" */,
				FD32EC942F5E6F2B003A8BF1 /* XCRemoteSwiftPackageReference "Sparkle" */,
			);
			preferredProjectObjectVersion = 77;
			productRefGroup = FD1CF8CE2F54CC6A00A3CCC3 /* Products */;
			projectDirPath = "";
			projectRoot = "";
			targets = (
				FD1CF8CC2F54CC6A00A3CCC3 /* ideas */,
				FD1CF8D92F54CC6C00A3CCC3 /* ideasTests */,
				FD1CF8E32F54CC6C00A3CCC3 /* ideasUITests */,
			);
		};
/* End PBXProject section */

/* Begin PBXResourcesBuildPhase section */
		FD1CF8CB2F54CC6A00A3CCC3 /* Resources */ = {
			isa = PBXResourcesBuildPhase;
			buildActionMask = 2147483647;
			files = (
			);
			runOnlyForDeploymentPostprocessing = 0;
		};
		FD1CF8D82F54CC6C00A3CCC3 /* Resources */ = {
			isa = PBXResourcesBuildPhase;
			buildActionMask = 2147483647;
			files = (
			);
			runOnlyForDeploymentPostprocessing = 0;
		};
		FD1CF8E22F54CC6C00A3CCC3 /* Resources */ = {
			isa = PBXResourcesBuildPhase;
			buildActionMask = 2147483647;
			files = (
			);
			runOnlyForDeploymentPostprocessing = 0;
		};
/* End PBXResourcesBuildPhase section */

/* Begin PBXSourcesBuildPhase section */
		FD1CF8C92F54CC6A00A3CCC3 /* Sources */ = {
			isa = PBXSourcesBuildPhase;
			buildActionMask = 2147483647;
			files = (
			);
			runOnlyForDeploymentPostprocessing = 0;
		};
		FD1CF8D62F54CC6C00A3CCC3 /* Sources */ = {
			isa = PBXSourcesBuildPhase;
			buildActionMask = 2147483647;
			files = (
			);
			runOnlyForDeploymentPostprocessing = 0;
		};
		FD1CF8E02F54CC6C00A3CCC3 /* Sources */ = {
			isa = PBXSourcesBuildPhase;
			buildActionMask = 2147483647;
			files = (
			);
			runOnlyForDeploymentPostprocessing = 0;
		};
/* End PBXSourcesBuildPhase section */

/* Begin PBXTargetDependency section */
		FD1CF8DC2F54CC6C00A3CCC3 /* PBXTargetDependency */ = {
			isa = PBXTargetDependency;
			target = FD1CF8CC2F54CC6A00A3CCC3 /* ideas */;
			targetProxy = FD1CF8DB2F54CC6C00A3CCC3 /* PBXContainerItemProxy */;
		};
		FD1CF8E62F54CC6C00A3CCC3 /* PBXTargetDependency */ = {
			isa = PBXTargetDependency;
			target = FD1CF8CC2F54CC6A00A3CCC3 /* ideas */;
			targetProxy = FD1CF8E52F54CC6C00A3CCC3 /* PBXContainerItemProxy */;
		};
/* End PBXTargetDependency section */

/* Begin XCBuildConfiguration section */
		FD1CF8EC2F54CC6C00A3CCC3 /* Debug */ = {
			isa = XCBuildConfiguration;
			buildSettings = {
				ALWAYS_SEARCH_USER_PATHS = NO;
				ASSETCATALOG_COMPILER_GENERATE_SWIFT_ASSET_SYMBOL_EXTENSIONS = YES;
				CLANG_ANALYZER_NONNULL = YES;
				CLANG_ANALYZER_NUMBER_OBJECT_CONVERSION = YES_AGGRESSIVE;
				CLANG_CXX_LANGUAGE_STANDARD = "gnu++20";
				CLANG_ENABLE_MODULES = YES;
				CLANG_ENABLE_OBJC_ARC = YES;
				CLANG_ENABLE_OBJC_WEAK = YES;
				CLANG_WARN_BLOCK_CAPTURE_AUTORELEASING = YES;
				CLANG_WARN_BOOL_CONVERSION = YES;
				CLANG_WARN_COMMA = YES;
				CLANG_WARN_CONSTANT_CONVERSION = YES;
				CLANG_WARN_DEPRECATED_OBJC_IMPLEMENTATIONS = YES;
				CLANG_WARN_DIRECT_OBJC_ISA_USAGE = YES_ERROR;
				CLANG_WARN_DOCUMENTATION_COMMENTS = YES;
				CLANG_WARN_EMPTY_BODY = YES;
				CLANG_WARN_ENUM_CONVERSION = YES;
				CLANG_WARN_INFINITE_RECURSION = YES;
				CLANG_WARN_INT_CONVERSION = YES;
				CLANG_WARN_NON_LITERAL_NULL_CONVERSION = YES;
				CLANG_WARN_OBJC_IMPLICIT_RETAIN_SELF = YES;
				CLANG_WARN_OBJC_LITERAL_CONVERSION = YES;
				CLANG_WARN_OBJC_ROOT_CLASS = YES_ERROR;
				CLANG_WARN_QUOTED_INCLUDE_IN_FRAMEWORK_HEADER = YES;
				CLANG_WARN_RANGE_LOOP_ANALYSIS = YES;
				CLANG_WARN_STRICT_PROTOTYPES = YES;
				CLANG_WARN_SUSPICIOUS_MOVE = YES;
				CLANG_WARN_UNGUARDED_AVAILABILITY = YES_AGGRESSIVE;
				CLANG_WARN_UNREACHABLE_CODE = YES;
				CLANG_WARN__DUPLICATE_METHOD_MATCH = YES;
				COPY_PHASE_STRIP = NO;
				DEBUG_INFORMATION_FORMAT = dwarf;
				DEVELOPMENT_TEAM = ZSK3S88KHK;
				ENABLE_STRICT_OBJC_MSGSEND = YES;
				ENABLE_TESTABILITY = YES;
				ENABLE_USER_SCRIPT_SANDBOXING = YES;
				GCC_C_LANGUAGE_STANDARD = gnu17;
				GCC_DYNAMIC_NO_PIC = NO;
				GCC_NO_COMMON_BLOCKS = YES;
				GCC_OPTIMIZATION_LEVEL = 0;
				GCC_PREPROCESSOR_DEFINITIONS = (
					"DEBUG=1",
					"$(inherited)",
				);
				GCC_WARN_64_TO_32_BIT_CONVERSION = YES;
				GCC_WARN_ABOUT_RETURN_TYPE = YES_ERROR;
				GCC_WARN_UNDECLARED_SELECTOR = YES;
				GCC_WARN_UNINITIALIZED_AUTOS = YES_AGGRESSIVE;
				GCC_WARN_UNUSED_FUNCTION = YES;
				GCC_WARN_UNUSED_VARIABLE = YES;
				LOCALIZATION_PREFERS_STRING_CATALOGS = YES;
				MACOSX_DEPLOYMENT_TARGET = 26.2;
				MTL_ENABLE_DEBUG_INFO = INCLUDE_SOURCE;
				MTL_FAST_MATH = YES;
				ONLY_ACTIVE_ARCH = YES;
				SDKROOT = macosx;
				SWIFT_ACTIVE_COMPILATION_CONDITIONS = "DEBUG $(inherited)";
				SWIFT_OPTIMIZATION_LEVEL = "-Onone";
			};
			name = Debug;
		};
		FD1CF8ED2F54CC6C00A3CCC3 /* Release */ = {
			isa = XCBuildConfiguration;
			buildSettings = {
				ALWAYS_SEARCH_USER_PATHS = NO;
				ASSETCATALOG_COMPILER_GENERATE_SWIFT_ASSET_SYMBOL_EXTENSIONS = YES;
				CLANG_ANALYZER_NONNULL = YES;
				CLANG_ANALYZER_NUMBER_OBJECT_CONVERSION = YES_AGGRESSIVE;
				CLANG_CXX_LANGUAGE_STANDARD = "gnu++20";
				CLANG_ENABLE_MODULES = YES;
				CLANG_ENABLE_OBJC_ARC = YES;
				CLANG_ENABLE_OBJC_WEAK = YES;
				CLANG_WARN_BLOCK_CAPTURE_AUTORELEASING = YES;
				CLANG_WARN_BOOL_CONVERSION = YES;
				CLANG_WARN_COMMA = YES;
				CLANG_WARN_CONSTANT_CONVERSION = YES;
				CLANG_WARN_DEPRECATED_OBJC_IMPLEMENTATIONS = YES;
				CLANG_WARN_DIRECT_OBJC_ISA_USAGE = YES_ERROR;
				CLANG_WARN_DOCUMENTATION_COMMENTS = YES;
				CLANG_WARN_EMPTY_BODY = YES;
				CLANG_WARN_ENUM_CONVERSION = YES;
				CLANG_WARN_INFINITE_RECURSION = YES;
				CLANG_WARN_INT_CONVERSION = YES;
				CLANG_WARN_NON_LITERAL_NULL_CONVERSION = YES;
				CLANG_WARN_OBJC_IMPLICIT_RETAIN_SELF = YES;
				CLANG_WARN_OBJC_LITERAL_CONVERSION = YES;
				CLANG_WARN_OBJC_ROOT_CLASS = YES_ERROR;
				CLANG_WARN_QUOTED_INCLUDE_IN_FRAMEWORK_HEADER = YES;
				CLANG_WARN_RANGE_LOOP_ANALYSIS = YES;
				CLANG_WARN_STRICT_PROTOTYPES = YES;
				CLANG_WARN_SUSPICIOUS_MOVE = YES;
				CLANG_WARN_UNGUARDED_AVAILABILITY = YES_AGGRESSIVE;
				CLANG_WARN_UNREACHABLE_CODE = YES;
				CLANG_WARN__DUPLICATE_METHOD_MATCH = YES;
				COPY_PHASE_STRIP = NO;
				DEBUG_INFORMATION_FORMAT = "dwarf-with-dsym";
				DEVELOPMENT_TEAM = ZSK3S88KHK;
				ENABLE_NS_ASSERTIONS = NO;
				ENABLE_STRICT_OBJC_MSGSEND = YES;
				ENABLE_USER_SCRIPT_SANDBOXING = YES;
				GCC_C_LANGUAGE_STANDARD = gnu17;
				GCC_NO_COMMON_BLOCKS = YES;
				GCC_WARN_64_TO_32_BIT_CONVERSION = YES;
				GCC_WARN_ABOUT_RETURN_TYPE = YES_ERROR;
				GCC_WARN_UNDECLARED_SELECTOR = YES;
				GCC_WARN_UNINITIALIZED_AUTOS = YES_AGGRESSIVE;
				GCC_WARN_UNUSED_FUNCTION = YES;
				GCC_WARN_UNUSED_VARIABLE = YES;
				LOCALIZATION_PREFERS_STRING_CATALOGS = YES;
				MACOSX_DEPLOYMENT_TARGET = 26.2;
				MTL_ENABLE_DEBUG_INFO = NO;
				MTL_FAST_MATH = YES;
				SDKROOT = macosx;
				SWIFT_COMPILATION_MODE = wholemodule;
			};
			name = Release;
		};
		FD1CF8EF2F54CC6C00A3CCC3 /* Debug */ = {
			isa = XCBuildConfiguration;
			buildSettings = {
				ASSETCATALOG_COMPILER_APPICON_NAME = ideas;
				ASSETCATALOG_COMPILER_GLOBAL_ACCENT_COLOR_NAME = AccentColor;
				CODE_SIGN_STYLE = Automatic;
				COMBINE_HIDPI_IMAGES = YES;
				CURRENT_PROJECT_VERSION = 1;
				DEVELOPMENT_TEAM = ZSK3S88KHK;
				ENABLE_APP_SANDBOX = YES;
				ENABLE_HARDENED_RUNTIME = YES;
				ENABLE_INCOMING_NETWORK_CONNECTIONS = NO;
				ENABLE_OUTGOING_NETWORK_CONNECTIONS = YES;
				ENABLE_PREVIEWS = YES;
				ENABLE_RESOURCE_ACCESS_AUDIO_INPUT = NO;
				ENABLE_RESOURCE_ACCESS_BLUETOOTH = NO;
				ENABLE_RESOURCE_ACCESS_CALENDARS = NO;
				ENABLE_RESOURCE_ACCESS_CAMERA = NO;
				ENABLE_RESOURCE_ACCESS_CONTACTS = NO;
				ENABLE_RESOURCE_ACCESS_LOCATION = NO;
				ENABLE_RESOURCE_ACCESS_PRINTING = NO;
				ENABLE_RESOURCE_ACCESS_USB = NO;
				ENABLE_USER_SELECTED_FILES = readonly;
				GENERATE_INFOPLIST_FILE = YES;
				INFOPLIST_FILE = ideas/Info.plist;
				INFOPLIST_KEY_NSHumanReadableCopyright = "";
				INFOPLIST_KEY_UILaunchScreen_Generation = YES;
				INFOPLIST_KEY_UISupportedInterfaceOrientations_iPhone = "UIInterfaceOrientationPortrait UIInterfaceOrientationLandscapeLeft UIInterfaceOrientationLandscapeRight";
				IPHONEOS_DEPLOYMENT_TARGET = 18.0;
				LD_RUNPATH_SEARCH_PATHS = (
					"$(inherited)",
					"@executable_path/../Frameworks",
				);
				MARKETING_VERSION = 1.0;
				PRODUCT_BUNDLE_IDENTIFIER = phosphr.ideas;
				PRODUCT_NAME = "$(TARGET_NAME)";
				REGISTER_APP_GROUPS = YES;
				STRING_CATALOG_GENERATE_SYMBOLS = YES;
				SUPPORTED_PLATFORMS = "iphoneos iphonesimulator macosx";
				SUPPORTS_MACCATALYST = NO;
				SWIFT_APPROACHABLE_CONCURRENCY = YES;
				SWIFT_DEFAULT_ACTOR_ISOLATION = MainActor;
				SWIFT_EMIT_LOC_STRINGS = YES;
				SWIFT_UPCOMING_FEATURE_MEMBER_IMPORT_VISIBILITY = YES;
				SWIFT_VERSION = 5.0;
				TARGETED_DEVICE_FAMILY = "1,2";
			};
			name = Debug;
		};
		FD1CF8F02F54CC6C00A3CCC3 /* Release */ = {
			isa = XCBuildConfiguration;
			buildSettings = {
				ASSETCATALOG_COMPILER_APPICON_NAME = ideas;
				ASSETCATALOG_COMPILER_GLOBAL_ACCENT_COLOR_NAME = AccentColor;
				CODE_SIGN_STYLE = Automatic;
				COMBINE_HIDPI_IMAGES = YES;
				CURRENT_PROJECT_VERSION = 1;
				DEVELOPMENT_TEAM = ZSK3S88KHK;
				ENABLE_APP_SANDBOX = YES;
				ENABLE_HARDENED_RUNTIME = YES;
				ENABLE_INCOMING_NETWORK_CONNECTIONS = NO;
				ENABLE_OUTGOING_NETWORK_CONNECTIONS = YES;
				ENABLE_PREVIEWS = YES;
				ENABLE_RESOURCE_ACCESS_AUDIO_INPUT = NO;
				ENABLE_RESOURCE_ACCESS_BLUETOOTH = NO;
				ENABLE_RESOURCE_ACCESS_CALENDARS = NO;
				ENABLE_RESOURCE_ACCESS_CAMERA = NO;
				ENABLE_RESOURCE_ACCESS_CONTACTS = NO;
				ENABLE_RESOURCE_ACCESS_LOCATION = NO;
				ENABLE_RESOURCE_ACCESS_PRINTING = NO;
				ENABLE_RESOURCE_ACCESS_USB = NO;
				ENABLE_USER_SELECTED_FILES = readonly;
				GENERATE_INFOPLIST_FILE = YES;
				INFOPLIST_FILE = ideas/Info.plist;
				INFOPLIST_KEY_NSHumanReadableCopyright = "";
				INFOPLIST_KEY_UILaunchScreen_Generation = YES;
				INFOPLIST_KEY_UISupportedInterfaceOrientations_iPhone = "UIInterfaceOrientationPortrait UIInterfaceOrientationLandscapeLeft UIInterfaceOrientationLandscapeRight";
				IPHONEOS_DEPLOYMENT_TARGET = 18.0;
				LD_RUNPATH_SEARCH_PATHS = (
					"$(inherited)",
					"@executable_path/../Frameworks",
				);
				MARKETING_VERSION = 1.0;
				PRODUCT_BUNDLE_IDENTIFIER = phosphr.ideas;
				PRODUCT_NAME = "$(TARGET_NAME)";
				REGISTER_APP_GROUPS = YES;
				STRING_CATALOG_GENERATE_SYMBOLS = YES;
				SUPPORTED_PLATFORMS = "iphoneos iphonesimulator macosx";
				SUPPORTS_MACCATALYST = NO;
				SWIFT_APPROACHABLE_CONCURRENCY = YES;
				SWIFT_DEFAULT_ACTOR_ISOLATION = MainActor;
				SWIFT_EMIT_LOC_STRINGS = YES;
				SWIFT_UPCOMING_FEATURE_MEMBER_IMPORT_VISIBILITY = YES;
				SWIFT_VERSION = 5.0;
				TARGETED_DEVICE_FAMILY = "1,2";
			};
			name = Release;
		};
		FD1CF8F22F54CC6C00A3CCC3 /* Debug */ = {
			isa = XCBuildConfiguration;
			buildSettings = {
				BUNDLE_LOADER = "$(TEST_HOST)";
				CODE_SIGN_STYLE = Automatic;
				CURRENT_PROJECT_VERSION = 1;
				DEVELOPMENT_TEAM = ZSK3S88KHK;
				GENERATE_INFOPLIST_FILE = YES;
				MACOSX_DEPLOYMENT_TARGET = 26.2;
				MARKETING_VERSION = 1.0;
				PRODUCT_BUNDLE_IDENTIFIER = phosphr.ideasTests;
				PRODUCT_NAME = "$(TARGET_NAME)";
				STRING_CATALOG_GENERATE_SYMBOLS = NO;
				SWIFT_APPROACHABLE_CONCURRENCY = YES;
				SWIFT_EMIT_LOC_STRINGS = NO;
				SWIFT_UPCOMING_FEATURE_MEMBER_IMPORT_VISIBILITY = YES;
				SWIFT_VERSION = 5.0;
				TEST_HOST = "$(BUILT_PRODUCTS_DIR)/ideas.app/$(BUNDLE_EXECUTABLE_FOLDER_PATH)/ideas";
			};
			name = Debug;
		};
		FD1CF8F32F54CC6C00A3CCC3 /* Release */ = {
			isa = XCBuildConfiguration;
			buildSettings = {
				BUNDLE_LOADER = "$(TEST_HOST)";
				CODE_SIGN_STYLE = Automatic;
				CURRENT_PROJECT_VERSION = 1;
				DEVELOPMENT_TEAM = ZSK3S88KHK;
				GENERATE_INFOPLIST_FILE = YES;
				MACOSX_DEPLOYMENT_TARGET = 26.2;
				MARKETING_VERSION = 1.0;
				PRODUCT_BUNDLE_IDENTIFIER = phosphr.ideasTests;
				PRODUCT_NAME = "$(TARGET_NAME)";
				STRING_CATALOG_GENERATE_SYMBOLS = NO;
				SWIFT_APPROACHABLE_CONCURRENCY = YES;
				SWIFT_EMIT_LOC_STRINGS = NO;
				SWIFT_UPCOMING_FEATURE_MEMBER_IMPORT_VISIBILITY = YES;
				SWIFT_VERSION = 5.0;
				TEST_HOST = "$(BUILT_PRODUCTS_DIR)/ideas.app/$(BUNDLE_EXECUTABLE_FOLDER_PATH)/ideas";
			};
			name = Release;
		};
		FD1CF8F52F54CC6C00A3CCC3 /* Debug */ = {
			isa = XCBuildConfiguration;
			buildSettings = {
				CODE_SIGN_STYLE = Automatic;
				CURRENT_PROJECT_VERSION = 1;
				DEVELOPMENT_TEAM = ZSK3S88KHK;
				GENERATE_INFOPLIST_FILE = YES;
				MARKETING_VERSION = 1.0;
				PRODUCT_BUNDLE_IDENTIFIER = phosphr.ideasUITests;
				PRODUCT_NAME = "$(TARGET_NAME)";
				STRING_CATALOG_GENERATE_SYMBOLS = NO;
				SWIFT_APPROACHABLE_CONCURRENCY = YES;
				SWIFT_EMIT_LOC_STRINGS = NO;
				SWIFT_UPCOMING_FEATURE_MEMBER_IMPORT_VISIBILITY = YES;
				SWIFT_VERSION = 5.0;
				TEST_TARGET_NAME = ideas;
			};
			name = Debug;
		};
		FD1CF8F62F54CC6C00A3CCC3 /* Release */ = {
			isa = XCBuildConfiguration;
			buildSettings = {
				CODE_SIGN_STYLE = Automatic;
				CURRENT_PROJECT_VERSION = 1;
				DEVELOPMENT_TEAM = ZSK3S88KHK;
				GENERATE_INFOPLIST_FILE = YES;
				MARKETING_VERSION = 1.0;
				PRODUCT_BUNDLE_IDENTIFIER = phosphr.ideasUITests;
				PRODUCT_NAME = "$(TARGET_NAME)";
				STRING_CATALOG_GENERATE_SYMBOLS = NO;
				SWIFT_APPROACHABLE_CONCURRENCY = YES;
				SWIFT_EMIT_LOC_STRINGS = NO;
				SWIFT_UPCOMING_FEATURE_MEMBER_IMPORT_VISIBILITY = YES;
				SWIFT_VERSION = 5.0;
				TEST_TARGET_NAME = ideas;
			};
			name = Release;
		};
/* End XCBuildConfiguration section */

/* Begin XCConfigurationList section */
		FD1CF8C82F54CC6A00A3CCC3 /* Build configuration list for PBXProject "ideas" */ = {
			isa = XCConfigurationList;
			buildConfigurations = (
				FD1CF8EC2F54CC6C00A3CCC3 /* Debug */,
				FD1CF8ED2F54CC6C00A3CCC3 /* Release */,
			);
			defaultConfigurationIsVisible = 0;
			defaultConfigurationName = Release;
		};
		FD1CF8EE2F54CC6C00A3CCC3 /* Build configuration list for PBXNativeTarget "ideas" */ = {
			isa = XCConfigurationList;
			buildConfigurations = (
				FD1CF8EF2F54CC6C00A3CCC3 /* Debug */,
				FD1CF8F02F54CC6C00A3CCC3 /* Release */,
			);
			defaultConfigurationIsVisible = 0;
			defaultConfigurationName = Release;
		};
		FD1CF8F12F54CC6C00A3CCC3 /* Build configuration list for PBXNativeTarget "ideasTests" */ = {
			isa = XCConfigurationList;
			buildConfigurations = (
				FD1CF8F22F54CC6C00A3CCC3 /* Debug */,
				FD1CF8F32F54CC6C00A3CCC3 /* Release */,
			);
			defaultConfigurationIsVisible = 0;
			defaultConfigurationName = Release;
		};
		FD1CF8F42F54CC6C00A3CCC3 /* Build configuration list for PBXNativeTarget "ideasUITests" */ = {
			isa = XCConfigurationList;
			buildConfigurations = (
				FD1CF8F52F54CC6C00A3CCC3 /* Debug */,
				FD1CF8F62F54CC6C00A3CCC3 /* Release */,
			);
			defaultConfigurationIsVisible = 0;
			defaultConfigurationName = Release;
		};
/* End XCConfigurationList section */

/* Begin XCRemoteSwiftPackageReference section */
		FD32EC942F5E6F2B003A8BF1 /* XCRemoteSwiftPackageReference "Sparkle" */ = {
			isa = XCRemoteSwiftPackageReference;
			repositoryURL = "https://github.com/sparkle-project/Sparkle";
			requirement = {
				kind = upToNextMajorVersion;
				minimumVersion = 2.9.0;
			};
		};
		FD5BB7DB2F55EFB100EC5EAB /* XCRemoteSwiftPackageReference "textual" */ = {
			isa = XCRemoteSwiftPackageReference;
			repositoryURL = "https://github.com/gonzalezreal/textual";
			requirement = {
				kind = upToNextMajorVersion;
				minimumVersion = 0.3.1;
			};
		};
/* End XCRemoteSwiftPackageReference section */

/* Begin XCSwiftPackageProductDependency section */
		FD32EC952F5E6F2B003A8BF2 /* Sparkle */ = {
			isa = XCSwiftPackageProductDependency;
			package = FD32EC942F5E6F2B003A8BF1 /* XCRemoteSwiftPackageReference "Sparkle" */;
			productName = Sparkle;
		};
		FD5BB7DD2F55F03500EC5EAB /* Textual */ = {
			isa = XCSwiftPackageProductDependency;
			package = FD5BB7DB2F55EFB100EC5EAB /* XCRemoteSwiftPackageReference "textual" */;
			productName = Textual;
		};
/* End XCSwiftPackageProductDependency section */
	};
	rootObject = FD1CF8C52F54CC6A00A3CCC3 /* Project object */;
}
